<Solution>
  <Project Path="Assembly-CSharp.csproj" />
  <Project Path="Whinarn.UnityMeshSimplifier.Runtime.csproj" />
  <Project Path="Assembly-CSharp-Editor.csproj" />
  <Project Path="Assembly-CSharp-firstpass.csproj" />
  <Project Path="Whinarn.UnityMeshSimplifier.Editor.csproj" />
  <Project Path="NavMeshComponentsEditor.csproj" />
  <Project Path="NavMeshComponents.csproj" />
</Solution>
